// !$*UTF8*$!
{
	archiveVersion = 1;
	classes = {
	};
	objectVersion = 60;
	objects = {

/* Begin PBXBuildFile section */
		368ACEC92B88571C003A8435 /* AppDelegate.swift in Sources */ = {isa = PBXBuildFile; fileRef = 368ACEC82B88571C003A8435 /* AppDelegate.swift */; };
		368ACECB2B88571C003A8435 /* SceneDelegate.swift in Sources */ = {isa = PBXBuildFile; fileRef = 368ACECA2B88571C003A8435 /* SceneDelegate.swift */; };
		368ACECD2B88571C003A8435 /* JobsViewController.swift in Sources */ = {isa = PBXBuildFile; fileRef = 368ACECC2B88571C003A8435 /* JobsViewController.swift */; };
		368ACED02B88571C003A8435 /* Main.storyboard in Resources */ = {isa = PBXBuildFile; fileRef = 368ACECE2B88571C003A8435 /* Main.storyboard */; };
		368ACED22B88571F003A8435 /* Assets.xcassets in Resources */ = {isa = PBXBuildFile; fileRef = 368ACED12B88571F003A8435 /* Assets.xcassets */; };
		368ACED52B88571F003A8435 /* LaunchScreen.storyboard in Resources */ = {isa = PBXBuildFile; fileRef = 368ACED32B88571F003A8435 /* LaunchScreen.storyboard */; };
		368ACEE02B885720003A8435 /* SeekJobsTaskTests.swift in Sources */ = {isa = PBXBuildFile; fileRef = 368ACEDF2B885720003A8435 /* SeekJobsTaskTests.swift */; };
		368ACEEA2B885720003A8435 /* SeekJobsTaskUITests.swift in Sources */ = {isa = PBXBuildFile; fileRef = 368ACEE92B885720003A8435 /* SeekJobsTaskUITests.swift */; };
		368ACEEC2B885720003A8435 /* SeekJobsTaskUITestsLaunchTests.swift in Sources */ = {isa = PBXBuildFile; fileRef = 368ACEEB2B885720003A8435 /* SeekJobsTaskUITestsLaunchTests.swift */; };
		368ACEFA2B885786003A8435 /* Apollo in Frameworks */ = {isa = PBXBuildFile; productRef = 368ACEF92B885786003A8435 /* Apollo */; };
		368ACEFC2B885986003A8435 /* GraphQL in Resources */ = {isa = PBXBuildFile; fileRef = 368ACEFB2B885986003A8435 /* GraphQL */; };
		368ACEFF2B88611B003A8435 /* JobsAPI in Frameworks */ = {isa = PBXBuildFile; productRef = 368ACEFE2B88611B003A8435 /* JobsAPI */; };
		368ACF022B8863E5003A8435 /* NetworkService.swift in Sources */ = {isa = PBXBuildFile; fileRef = 368ACF012B8863E5003A8435 /* NetworkService.swift */; };
		368ACF072B887108003A8435 /* LoginViewController.swift in Sources */ = {isa = PBXBuildFile; fileRef = 368ACF062B887108003A8435 /* LoginViewController.swift */; };
		368ACF0A2B8873ED003A8435 /* AppConstants.swift in Sources */ = {isa = PBXBuildFile; fileRef = 368ACF092B8873ED003A8435 /* AppConstants.swift */; };
		368ACF0C2B8877A9003A8435 /* HexColors.swift in Sources */ = {isa = PBXBuildFile; fileRef = 368ACF0B2B8877A9003A8435 /* HexColors.swift */; };
		368ACF102B887BA7003A8435 /* AppCoordinator.swift in Sources */ = {isa = PBXBuildFile; fileRef = 368ACF0F2B887BA7003A8435 /* AppCoordinator.swift */; };
		368ACF122B887BEB003A8435 /* LoginCoordinator.swift in Sources */ = {isa = PBXBuildFile; fileRef = 368ACF112B887BEB003A8435 /* LoginCoordinator.swift */; };
		368ACF142B887C4E003A8435 /* LoginViewModel.swift in Sources */ = {isa = PBXBuildFile; fileRef = 368ACF132B887C4E003A8435 /* LoginViewModel.swift */; };
		368ACF162B887DC7003A8435 /* HomeCoordinator.swift in Sources */ = {isa = PBXBuildFile; fileRef = 368ACF152B887DC7003A8435 /* HomeCoordinator.swift */; };
		368ACF182B887E29003A8435 /* JobsViewModel.swift in Sources */ = {isa = PBXBuildFile; fileRef = 368ACF172B887E29003A8435 /* JobsViewModel.swift */; };
		36CB18A62B8B0DF000330CAF /* LoginViewModelTest.swift in Sources */ = {isa = PBXBuildFile; fileRef = 36CB18A52B8B0DF000330CAF /* LoginViewModelTest.swift */; };
		36CB18A92B8B0F8D00330CAF /* MockLoginCoordinator.swift in Sources */ = {isa = PBXBuildFile; fileRef = 36CB18A82B8B0F8D00330CAF /* MockLoginCoordinator.swift */; };
		36CB18B02B8B48A700330CAF /* JobsViewModelTest.swift in Sources */ = {isa = PBXBuildFile; fileRef = 36CB18AF2B8B48A700330CAF /* JobsViewModelTest.swift */; };
		36CB18B22B8B496100330CAF /* MockHomeCoordinator.swift in Sources */ = {isa = PBXBuildFile; fileRef = 36CB18B12B8B496100330CAF /* MockHomeCoordinator.swift */; };
		36CB18B52B8B58A900330CAF /* LoginCoordinatorTest.swift in Sources */ = {isa = PBXBuildFile; fileRef = 36CB18B42B8B58A900330CAF /* LoginCoordinatorTest.swift */; };
		36CB18B92B8B657000330CAF /* HomeCoordinatorTests.swift in Sources */ = {isa = PBXBuildFile; fileRef = 36CB18B82B8B657000330CAF /* HomeCoordinatorTests.swift */; };
		36CB18BD2B8B683600330CAF /* AppCoordinatorTests.swift in Sources */ = {isa = PBXBuildFile; fileRef = 36CB18BC2B8B683600330CAF /* AppCoordinatorTests.swift */; };
		36CB18C02B8B6D9F00330CAF /* JobsTableViewCellTests.swift in Sources */ = {isa = PBXBuildFile; fileRef = 36CB18BF2B8B6D9F00330CAF /* JobsTableViewCellTests.swift */; };
		36CB18C22B8B792B00330CAF /* ProfileViewController.swift in Sources */ = {isa = PBXBuildFile; fileRef = 36CB18C12B8B792B00330CAF /* ProfileViewController.swift */; };
		36CB18C42B8B7B7600330CAF /* ProfileViewModel.swift in Sources */ = {isa = PBXBuildFile; fileRef = 36CB18C32B8B7B7600330CAF /* ProfileViewModel.swift */; };
		36DD28B12B89F12000686F6E /* JobsConstants.swift in Sources */ = {isa = PBXBuildFile; fileRef = 36DD28B02B89F12000686F6E /* JobsConstants.swift */; };
		36DD28B42B89F9F300686F6E /* JobsRepository.swift in Sources */ = {isa = PBXBuildFile; fileRef = 36DD28B32B89F9F300686F6E /* JobsRepository.swift */; };
		36DD28B72B89FA2300686F6E /* ActiveJobs.swift in Sources */ = {isa = PBXBuildFile; fileRef = 36DD28B62B89FA2300686F6E /* ActiveJobs.swift */; };
		36DD28B92B8A5A8500686F6E /* LoginRequest.swift in Sources */ = {isa = PBXBuildFile; fileRef = 36DD28B82B8A5A8500686F6E /* LoginRequest.swift */; };
		36DD28BB2B8A613800686F6E /* JobsRequest.swift in Sources */ = {isa = PBXBuildFile; fileRef = 36DD28BA2B8A613800686F6E /* JobsRequest.swift */; };
		36DD28BE2B8A77A100686F6E /* JobsFactory.swift in Sources */ = {isa = PBXBuildFile; fileRef = 36DD28BD2B8A77A100686F6E /* JobsFactory.swift */; };
		36FF5D342B88B2A9005EEE0E /* LoginRepository.swift in Sources */ = {isa = PBXBuildFile; fileRef = 36FF5D332B88B2A9005EEE0E /* LoginRepository.swift */; };
		36FF5D382B88ED5A005EEE0E /* LoginConstants.swift in Sources */ = {isa = PBXBuildFile; fileRef = 36FF5D372B88ED5A005EEE0E /* LoginConstants.swift */; };
		36FF5D3D2B8912AF005EEE0E /* LoginFactory.swift in Sources */ = {isa = PBXBuildFile; fileRef = 36FF5D3C2B8912AF005EEE0E /* LoginFactory.swift */; };
		36FF5D3F2B89204C005EEE0E /* UserDefaultsManager.swift in Sources */ = {isa = PBXBuildFile; fileRef = 36FF5D3E2B89204C005EEE0E /* UserDefaultsManager.swift */; };
		36FF5D412B892800005EEE0E /* JobsTableViewCell.swift in Sources */ = {isa = PBXBuildFile; fileRef = 36FF5D402B892800005EEE0E /* JobsTableViewCell.swift */; };
/* End PBXBuildFile section */

/* Begin PBXContainerItemProxy section */
		368ACEDC2B885720003A8435 /* PBXContainerItemProxy */ = {
			isa = PBXContainerItemProxy;
			containerPortal = 368ACEBD2B88571C003A8435 /* Project object */;
			proxyType = 1;
			remoteGlobalIDString = 368ACEC42B88571C003A8435;
			remoteInfo = SeekJobsTask;
		};
		368ACEE62B885720003A8435 /* PBXContainerItemProxy */ = {
			isa = PBXContainerItemProxy;
			containerPortal = 368ACEBD2B88571C003A8435 /* Project object */;
			proxyType = 1;
			remoteGlobalIDString = 368ACEC42B88571C003A8435;
			remoteInfo = SeekJobsTask;
		};
/* End PBXContainerItemProxy section */

/* Begin PBXFileReference section */
		368ACEC52B88571C003A8435 /* SeekJobsTask.app */ = {isa = PBXFileReference; explicitFileType = wrapper.application; includeInIndex = 0; path = SeekJobsTask.app; sourceTree = BUILT_PRODUCTS_DIR; };
		368ACEC82B88571C003A8435 /* AppDelegate.swift */ = {isa = PBXFileReference; lastKnownFileType = sourcecode.swift; path = AppDelegate.swift; sourceTree = "<group>"; };
		368ACECA2B88571C003A8435 /* SceneDelegate.swift */ = {isa = PBXFileReference; lastKnownFileType = sourcecode.swift; path = SceneDelegate.swift; sourceTree = "<group>"; };
		368ACECC2B88571C003A8435 /* JobsViewController.swift */ = {isa = PBXFileReference; lastKnownFileType = sourcecode.swift; path = JobsViewController.swift; sourceTree = "<group>"; };
		368ACECF2B88571C003A8435 /* Base */ = {isa = PBXFileReference; lastKnownFileType = file.storyboard; name = Base; path = Base.lproj/Main.storyboard; sourceTree = "<group>"; };
		368ACED12B88571F003A8435 /* Assets.xcassets */ = {isa = PBXFileReference; lastKnownFileType = folder.assetcatalog; path = Assets.xcassets; sourceTree = "<group>"; };
		368ACED42B88571F003A8435 /* Base */ = {isa = PBXFileReference; lastKnownFileType = file.storyboard; name = Base; path = Base.lproj/LaunchScreen.storyboard; sourceTree = "<group>"; };
		368ACED62B88571F003A8435 /* Info.plist */ = {isa = PBXFileReference; lastKnownFileType = text.plist.xml; path = Info.plist; sourceTree = "<group>"; };
		368ACEDB2B885720003A8435 /* SeekJobsTaskTests.xctest */ = {isa = PBXFileReference; explicitFileType = wrapper.cfbundle; includeInIndex = 0; path = SeekJobsTaskTests.xctest; sourceTree = BUILT_PRODUCTS_DIR; };
		368ACEDF2B885720003A8435 /* SeekJobsTaskTests.swift */ = {isa = PBXFileReference; lastKnownFileType = sourcecode.swift; path = SeekJobsTaskTests.swift; sourceTree = "<group>"; };
		368ACEE52B885720003A8435 /* SeekJobsTaskUITests.xctest */ = {isa = PBXFileReference; explicitFileType = wrapper.cfbundle; includeInIndex = 0; path = SeekJobsTaskUITests.xctest; sourceTree = BUILT_PRODUCTS_DIR; };
		368ACEE92B885720003A8435 /* SeekJobsTaskUITests.swift */ = {isa = PBXFileReference; lastKnownFileType = sourcecode.swift; path = SeekJobsTaskUITests.swift; sourceTree = "<group>"; };
		368ACEEB2B885720003A8435 /* SeekJobsTaskUITestsLaunchTests.swift */ = {isa = PBXFileReference; lastKnownFileType = sourcecode.swift; path = SeekJobsTaskUITestsLaunchTests.swift; sourceTree = "<group>"; };
		368ACEFB2B885986003A8435 /* GraphQL */ = {isa = PBXFileReference; lastKnownFileType = folder; path = GraphQL; sourceTree = "<group>"; };
		368ACF012B8863E5003A8435 /* NetworkService.swift */ = {isa = PBXFileReference; fileEncoding = 4; lastKnownFileType = sourcecode.swift; path = NetworkService.swift; sourceTree = "<group>"; };
		368ACF062B887108003A8435 /* LoginViewController.swift */ = {isa = PBXFileReference; lastKnownFileType = sourcecode.swift; path = LoginViewController.swift; sourceTree = "<group>"; };
		368ACF092B8873ED003A8435 /* AppConstants.swift */ = {isa = PBXFileReference; lastKnownFileType = sourcecode.swift; path = AppConstants.swift; sourceTree = "<group>"; };
		368ACF0B2B8877A9003A8435 /* HexColors.swift */ = {isa = PBXFileReference; lastKnownFileType = sourcecode.swift; path = HexColors.swift; sourceTree = "<group>"; };
		368ACF0F2B887BA7003A8435 /* AppCoordinator.swift */ = {isa = PBXFileReference; lastKnownFileType = sourcecode.swift; path = AppCoordinator.swift; sourceTree = "<group>"; };
		368ACF112B887BEB003A8435 /* LoginCoordinator.swift */ = {isa = PBXFileReference; lastKnownFileType = sourcecode.swift; path = LoginCoordinator.swift; sourceTree = "<group>"; };
		368ACF132B887C4E003A8435 /* LoginViewModel.swift */ = {isa = PBXFileReference; lastKnownFileType = sourcecode.swift; path = LoginViewModel.swift; sourceTree = "<group>"; };
		368ACF152B887DC7003A8435 /* HomeCoordinator.swift */ = {isa = PBXFileReference; lastKnownFileType = sourcecode.swift; path = HomeCoordinator.swift; sourceTree = "<group>"; };
		368ACF172B887E29003A8435 /* JobsViewModel.swift */ = {isa = PBXFileReference; lastKnownFileType = sourcecode.swift; path = JobsViewModel.swift; sourceTree = "<group>"; };
		36CB18A52B8B0DF000330CAF /* LoginViewModelTest.swift */ = {isa = PBXFileReference; lastKnownFileType = sourcecode.swift; path = LoginViewModelTest.swift; sourceTree = "<group>"; };
		36CB18A82B8B0F8D00330CAF /* MockLoginCoordinator.swift */ = {isa = PBXFileReference; lastKnownFileType = sourcecode.swift; path = MockLoginCoordinator.swift; sourceTree = "<group>"; };
		36CB18AF2B8B48A700330CAF /* JobsViewModelTest.swift */ = {isa = PBXFileReference; lastKnownFileType = sourcecode.swift; path = JobsViewModelTest.swift; sourceTree = "<group>"; };
		36CB18B12B8B496100330CAF /* MockHomeCoordinator.swift */ = {isa = PBXFileReference; lastKnownFileType = sourcecode.swift; path = MockHomeCoordinator.swift; sourceTree = "<group>"; };
		36CB18B42B8B58A900330CAF /* LoginCoordinatorTest.swift */ = {isa = PBXFileReference; lastKnownFileType = sourcecode.swift; path = LoginCoordinatorTest.swift; sourceTree = "<group>"; };
		36CB18B82B8B657000330CAF /* HomeCoordinatorTests.swift */ = {isa = PBXFileReference; lastKnownFileType = sourcecode.swift; path = HomeCoordinatorTests.swift; sourceTree = "<group>"; };
		36CB18BC2B8B683600330CAF /* AppCoordinatorTests.swift */ = {isa = PBXFileReference; lastKnownFileType = sourcecode.swift; path = AppCoordinatorTests.swift; sourceTree = "<group>"; };
		36CB18BF2B8B6D9F00330CAF /* JobsTableViewCellTests.swift */ = {isa = PBXFileReference; lastKnownFileType = sourcecode.swift; path = JobsTableViewCellTests.swift; sourceTree = "<group>"; };
		36CB18C12B8B792B00330CAF /* ProfileViewController.swift */ = {isa = PBXFileReference; lastKnownFileType = sourcecode.swift; path = ProfileViewController.swift; sourceTree = "<group>"; };
		36CB18C32B8B7B7600330CAF /* ProfileViewModel.swift */ = {isa = PBXFileReference; lastKnownFileType = sourcecode.swift; path = ProfileViewModel.swift; sourceTree = "<group>"; };
		36DD28B02B89F12000686F6E /* JobsConstants.swift */ = {isa = PBXFileReference; lastKnownFileType = sourcecode.swift; path = JobsConstants.swift; sourceTree = "<group>"; };
		36DD28B32B89F9F300686F6E /* JobsRepository.swift */ = {isa = PBXFileReference; lastKnownFileType = sourcecode.swift; path = JobsRepository.swift; sourceTree = "<group>"; };
		36DD28B62B89FA2300686F6E /* ActiveJobs.swift */ = {isa = PBXFileReference; lastKnownFileType = sourcecode.swift; path = ActiveJobs.swift; sourceTree = "<group>"; };
		36DD28B82B8A5A8500686F6E /* LoginRequest.swift */ = {isa = PBXFileReference; lastKnownFileType = sourcecode.swift; path = LoginRequest.swift; sourceTree = "<group>"; };
		36DD28BA2B8A613800686F6E /* JobsRequest.swift */ = {isa = PBXFileReference; lastKnownFileType = sourcecode.swift; path = JobsRequest.swift; sourceTree = "<group>"; };
		36DD28BD2B8A77A100686F6E /* JobsFactory.swift */ = {isa = PBXFileReference; lastKnownFileType = sourcecode.swift; path = JobsFactory.swift; sourceTree = "<group>"; };
		36FF5D332B88B2A9005EEE0E /* LoginRepository.swift */ = {isa = PBXFileReference; lastKnownFileType = sourcecode.swift; path = LoginRepository.swift; sourceTree = "<group>"; };
		36FF5D372B88ED5A005EEE0E /* LoginConstants.swift */ = {isa = PBXFileReference; lastKnownFileType = sourcecode.swift; path = LoginConstants.swift; sourceTree = "<group>"; };
		36FF5D3C2B8912AF005EEE0E /* LoginFactory.swift */ = {isa = PBXFileReference; lastKnownFileType = sourcecode.swift; path = LoginFactory.swift; sourceTree = "<group>"; };
		36FF5D3E2B89204C005EEE0E /* UserDefaultsManager.swift */ = {isa = PBXFileReference; lastKnownFileType = sourcecode.swift; path = UserDefaultsManager.swift; sourceTree = "<group>"; };
		36FF5D402B892800005EEE0E /* JobsTableViewCell.swift */ = {isa = PBXFileReference; lastKnownFileType = sourcecode.swift; path = JobsTableViewCell.swift; sourceTree = "<group>"; };
/* End PBXFileReference section */

/* Begin PBXFrameworksBuildPhase section */
		368ACEC22B88571C003A8435 /* Frameworks */ = {
			isa = PBXFrameworksBuildPhase;
			buildActionMask = 2147483647;
			files = (
				368ACEFA2B885786003A8435 /* Apollo in Frameworks */,
				368ACEFF2B88611B003A8435 /* JobsAPI in Frameworks */,
			);
			runOnlyForDeploymentPostprocessing = 0;
		};
		368ACED82B885720003A8435 /* Frameworks */ = {
			isa = PBXFrameworksBuildPhase;
			buildActionMask = 2147483647;
			files = (
			);
			runOnlyForDeploymentPostprocessing = 0;
		};
		368ACEE22B885720003A8435 /* Frameworks */ = {
			isa = PBXFrameworksBuildPhase;
			buildActionMask = 2147483647;
			files = (
			);
			runOnlyForDeploymentPostprocessing = 0;
		};
/* End PBXFrameworksBuildPhase section */

/* Begin PBXGroup section */
		368ACEBC2B88571C003A8435 = {
			isa = PBXGroup;
			children = (
				368ACEC72B88571C003A8435 /* SeekJobsTask */,
				368ACEDE2B885720003A8435 /* SeekJobsTaskTests */,
				368ACEE82B885720003A8435 /* SeekJobsTaskUITests */,
				368ACEC62B88571C003A8435 /* Products */,
			);
			sourceTree = "<group>";
		};
		368ACEC62B88571C003A8435 /* Products */ = {
			isa = PBXGroup;
			children = (
				368ACEC52B88571C003A8435 /* SeekJobsTask.app */,
				368ACEDB2B885720003A8435 /* SeekJobsTaskTests.xctest */,
				368ACEE52B885720003A8435 /* SeekJobsTaskUITests.xctest */,
			);
			name = Products;
			sourceTree = "<group>";
		};
		368ACEC72B88571C003A8435 /* SeekJobsTask */ = {
			isa = PBXGroup;
			children = (
				36DD28AD2B89ECFA00686F6E /* CommonModules */,
				368ACF042B8870CB003A8435 /* AppModules */,
				368ACEFB2B885986003A8435 /* GraphQL */,
				368ACECE2B88571C003A8435 /* Main.storyboard */,
				368ACED12B88571F003A8435 /* Assets.xcassets */,
				368ACED32B88571F003A8435 /* LaunchScreen.storyboard */,
				368ACED62B88571F003A8435 /* Info.plist */,
			);
			path = SeekJobsTask;
			sourceTree = "<group>";
		};
		368ACEDE2B885720003A8435 /* SeekJobsTaskTests */ = {
			isa = PBXGroup;
			children = (
				36CB18BA2B8B67FB00330CAF /* Common */,
				36CB18AE2B8B487F00330CAF /* Jobs */,
				36CB18A72B8B0F1200330CAF /* Mocks */,
				368ACEDF2B885720003A8435 /* SeekJobsTaskTests.swift */,
				36CB18A22B8B0DA200330CAF /* Login */,
			);
			path = SeekJobsTaskTests;
			sourceTree = "<group>";
		};
		368ACEE82B885720003A8435 /* SeekJobsTaskUITests */ = {
			isa = PBXGroup;
			children = (
				368ACEE92B885720003A8435 /* SeekJobsTaskUITests.swift */,
				368ACEEB2B885720003A8435 /* SeekJobsTaskUITestsLaunchTests.swift */,
			);
			path = SeekJobsTaskUITests;
			sourceTree = "<group>";
		};
		368ACF002B8863B8003A8435 /* Network */ = {
			isa = PBXGroup;
			children = (
				368ACF012B8863E5003A8435 /* NetworkService.swift */,
			);
			path = Network;
			sourceTree = "<group>";
		};
		368ACF042B8870CB003A8435 /* AppModules */ = {
			isa = PBXGroup;
			children = (
				368ACF0D2B887B20003A8435 /* Jobs */,
				368ACF052B8870DC003A8435 /* Login */,
			);
			path = AppModules;
			sourceTree = "<group>";
		};
		368ACF052B8870DC003A8435 /* Login */ = {
			isa = PBXGroup;
			children = (
				36DD28C02B8A7CAA00686F6E /* Coordinator */,
				36DD28AA2B89EC2E00686F6E /* Helpers */,
				36DD28A92B89EC1C00686F6E /* View */,
				36DD28A82B89EC0500686F6E /* ViewModel */,
				36DD28A72B89EBF200686F6E /* Repository */,
				36DD28A62B89EBD800686F6E /* Factory */,
			);
			path = Login;
			sourceTree = "<group>";
		};
		368ACF082B8873CF003A8435 /* Helpers */ = {
			isa = PBXGroup;
			children = (
				368ACF092B8873ED003A8435 /* AppConstants.swift */,
				368ACF0B2B8877A9003A8435 /* HexColors.swift */,
				36FF5D3E2B89204C005EEE0E /* UserDefaultsManager.swift */,
			);
			path = Helpers;
			sourceTree = "<group>";
		};
		368ACF0D2B887B20003A8435 /* Jobs */ = {
			isa = PBXGroup;
			children = (
				36DD28BF2B8A7C8600686F6E /* Coordinator */,
				36DD28BC2B8A776200686F6E /* Factory */,
				36DD28B52B89FA0300686F6E /* Models */,
				36DD28B22B89F9C000686F6E /* Repository */,
				36DD28AF2B89F10300686F6E /* Helpers */,
				36DD28AC2B89EC7800686F6E /* ViewModel */,
				36DD28AB2B89EC6B00686F6E /* View */,
			);
			path = Jobs;
			sourceTree = "<group>";
		};
		368ACF0E2B887B37003A8435 /* Coordinator */ = {
			isa = PBXGroup;
			children = (
				368ACF0F2B887BA7003A8435 /* AppCoordinator.swift */,
			);
			path = Coordinator;
			sourceTree = "<group>";
		};
		36CB18A22B8B0DA200330CAF /* Login */ = {
			isa = PBXGroup;
			children = (
				36CB18B32B8B587500330CAF /* CoordinatorTests */,
				36CB18A32B8B0DB600330CAF /* ViewModelTests */,
			);
			path = Login;
			sourceTree = "<group>";
		};
		36CB18A32B8B0DB600330CAF /* ViewModelTests */ = {
			isa = PBXGroup;
			children = (
				36CB18A52B8B0DF000330CAF /* LoginViewModelTest.swift */,
			);
			path = ViewModelTests;
			sourceTree = "<group>";
		};
		36CB18A72B8B0F1200330CAF /* Mocks */ = {
			isa = PBXGroup;
			children = (
				36CB18A82B8B0F8D00330CAF /* MockLoginCoordinator.swift */,
				36CB18B12B8B496100330CAF /* MockHomeCoordinator.swift */,
			);
			path = Mocks;
			sourceTree = "<group>";
		};
		36CB18AE2B8B487F00330CAF /* Jobs */ = {
			isa = PBXGroup;
			children = (
				36CB18BE2B8B6D6A00330CAF /* View */,
				36CB18B72B8B652500330CAF /* CoordinatorTests */,
				36CB18B62B8B651100330CAF /* ViewModelTests */,
			);
			path = Jobs;
			sourceTree = "<group>";
		};
		36CB18B32B8B587500330CAF /* CoordinatorTests */ = {
			isa = PBXGroup;
			children = (
				36CB18B42B8B58A900330CAF /* LoginCoordinatorTest.swift */,
			);
			path = CoordinatorTests;
			sourceTree = "<group>";
		};
		36CB18B62B8B651100330CAF /* ViewModelTests */ = {
			isa = PBXGroup;
			children = (
				36CB18AF2B8B48A700330CAF /* JobsViewModelTest.swift */,
			);
			path = ViewModelTests;
			sourceTree = "<group>";
		};
		36CB18B72B8B652500330CAF /* CoordinatorTests */ = {
			isa = PBXGroup;
			children = (
				36CB18B82B8B657000330CAF /* HomeCoordinatorTests.swift */,
			);
			path = CoordinatorTests;
			sourceTree = "<group>";
		};
		36CB18BA2B8B67FB00330CAF /* Common */ = {
			isa = PBXGroup;
			children = (
				36CB18BB2B8B680400330CAF /* Coordinator */,
			);
			path = Common;
			sourceTree = "<group>";
		};
		36CB18BB2B8B680400330CAF /* Coordinator */ = {
			isa = PBXGroup;
			children = (
				36CB18BC2B8B683600330CAF /* AppCoordinatorTests.swift */,
			);
			path = Coordinator;
			sourceTree = "<group>";
		};
		36CB18BE2B8B6D6A00330CAF /* View */ = {
			isa = PBXGroup;
			children = (
				36CB18BF2B8B6D9F00330CAF /* JobsTableViewCellTests.swift */,
			);
			path = View;
			sourceTree = "<group>";
		};
		36DD28A62B89EBD800686F6E /* Factory */ = {
			isa = PBXGroup;
			children = (
				36FF5D3C2B8912AF005EEE0E /* LoginFactory.swift */,
			);
			path = Factory;
			sourceTree = "<group>";
		};
		36DD28A72B89EBF200686F6E /* Repository */ = {
			isa = PBXGroup;
			children = (
				36FF5D332B88B2A9005EEE0E /* LoginRepository.swift */,
				36DD28B82B8A5A8500686F6E /* LoginRequest.swift */,
			);
			path = Repository;
			sourceTree = "<group>";
		};
		36DD28A82B89EC0500686F6E /* ViewModel */ = {
			isa = PBXGroup;
			children = (
				368ACF132B887C4E003A8435 /* LoginViewModel.swift */,
			);
			path = ViewModel;
			sourceTree = "<group>";
		};
		36DD28A92B89EC1C00686F6E /* View */ = {
			isa = PBXGroup;
			children = (
				368ACF062B887108003A8435 /* LoginViewController.swift */,
			);
			path = View;
			sourceTree = "<group>";
		};
		36DD28AA2B89EC2E00686F6E /* Helpers */ = {
			isa = PBXGroup;
			children = (
				36FF5D372B88ED5A005EEE0E /* LoginConstants.swift */,
			);
			path = Helpers;
			sourceTree = "<group>";
		};
		36DD28AB2B89EC6B00686F6E /* View */ = {
			isa = PBXGroup;
			children = (
				36FF5D402B892800005EEE0E /* JobsTableViewCell.swift */,
				368ACECC2B88571C003A8435 /* JobsViewController.swift */,
				36CB18C12B8B792B00330CAF /* ProfileViewController.swift */,
			);
			path = View;
			sourceTree = "<group>";
		};
		36DD28AC2B89EC7800686F6E /* ViewModel */ = {
			isa = PBXGroup;
			children = (
				368ACF172B887E29003A8435 /* JobsViewModel.swift */,
				36CB18C32B8B7B7600330CAF /* ProfileViewModel.swift */,
			);
			path = ViewModel;
			sourceTree = "<group>";
		};
		36DD28AD2B89ECFA00686F6E /* CommonModules */ = {
			isa = PBXGroup;
			children = (
				36DD28AE2B89ED1A00686F6E /* Delegates */,
				368ACF0E2B887B37003A8435 /* Coordinator */,
				368ACF002B8863B8003A8435 /* Network */,
				368ACF082B8873CF003A8435 /* Helpers */,
			);
			path = CommonModules;
			sourceTree = "<group>";
		};
		36DD28AE2B89ED1A00686F6E /* Delegates */ = {
			isa = PBXGroup;
			children = (
				368ACEC82B88571C003A8435 /* AppDelegate.swift */,
				368ACECA2B88571C003A8435 /* SceneDelegate.swift */,
			);
			path = Delegates;
			sourceTree = "<group>";
		};
		36DD28AF2B89F10300686F6E /* Helpers */ = {
			isa = PBXGroup;
			children = (
				36DD28B02B89F12000686F6E /* JobsConstants.swift */,
			);
			path = Helpers;
			sourceTree = "<group>";
		};
		36DD28B22B89F9C000686F6E /* Repository */ = {
			isa = PBXGroup;
			children = (
				36DD28B32B89F9F300686F6E /* JobsRepository.swift */,
				36DD28BA2B8A613800686F6E /* JobsRequest.swift */,
			);
			path = Repository;
			sourceTree = "<group>";
		};
		36DD28B52B89FA0300686F6E /* Models */ = {
			isa = PBXGroup;
			children = (
				36DD28B62B89FA2300686F6E /* ActiveJobs.swift */,
			);
			path = Models;
			sourceTree = "<group>";
		};
		36DD28BC2B8A776200686F6E /* Factory */ = {
			isa = PBXGroup;
			children = (
				36DD28BD2B8A77A100686F6E /* JobsFactory.swift */,
			);
			path = Factory;
			sourceTree = "<group>";
		};
		36DD28BF2B8A7C8600686F6E /* Coordinator */ = {
			isa = PBXGroup;
			children = (
				368ACF152B887DC7003A8435 /* HomeCoordinator.swift */,
			);
			path = Coordinator;
			sourceTree = "<group>";
		};
		36DD28C02B8A7CAA00686F6E /* Coordinator */ = {
			isa = PBXGroup;
			children = (
				368ACF112B887BEB003A8435 /* LoginCoordinator.swift */,
			);
			path = Coordinator;
			sourceTree = "<group>";
		};
/* End PBXGroup section */

/* Begin PBXNativeTarget section */
		368ACEC42B88571C003A8435 /* SeekJobsTask */ = {
			isa = PBXNativeTarget;
			buildConfigurationList = 368ACEEF2B885720003A8435 /* Build configuration list for PBXNativeTarget "SeekJobsTask" */;
			buildPhases = (
				368ACEC12B88571C003A8435 /* Sources */,
				368ACEC22B88571C003A8435 /* Frameworks */,
				368ACEC32B88571C003A8435 /* Resources */,
			);
			buildRules = (
			);
			dependencies = (
			);
			name = SeekJobsTask;
			packageProductDependencies = (
				368ACEF92B885786003A8435 /* Apollo */,
				368ACEFE2B88611B003A8435 /* JobsAPI */,
			);
			productName = SeekJobsTask;
			productReference = 368ACEC52B88571C003A8435 /* SeekJobsTask.app */;
			productType = "com.apple.product-type.application";
		};
		368ACEDA2B885720003A8435 /* SeekJobsTaskTests */ = {
			isa = PBXNativeTarget;
			buildConfigurationList = 368ACEF22B885720003A8435 /* Build configuration list for PBXNativeTarget "SeekJobsTaskTests" */;
			buildPhases = (
				368ACED72B885720003A8435 /* Sources */,
				368ACED82B885720003A8435 /* Frameworks */,
				368ACED92B885720003A8435 /* Resources */,
			);
			buildRules = (
			);
			dependencies = (
				368ACEDD2B885720003A8435 /* PBXTargetDependency */,
			);
			name = SeekJobsTaskTests;
			productName = SeekJobsTaskTests;
			productReference = 368ACEDB2B885720003A8435 /* SeekJobsTaskTests.xctest */;
			productType = "com.apple.product-type.bundle.unit-test";
		};
		368ACEE42B885720003A8435 /* SeekJobsTaskUITests */ = {
			isa = PBXNativeTarget;
			buildConfigurationList = 368ACEF52B885720003A8435 /* Build configuration list for PBXNativeTarget "SeekJobsTaskUITests" */;
			buildPhases = (
				368ACEE12B885720003A8435 /* Sources */,
				368ACEE22B885720003A8435 /* Frameworks */,
				368ACEE32B885720003A8435 /* Resources */,
			);
			buildRules = (
			);
			dependencies = (
				368ACEE72B885720003A8435 /* PBXTargetDependency */,
			);
			name = SeekJobsTaskUITests;
			productName = SeekJobsTaskUITests;
			productReference = 368ACEE52B885720003A8435 /* SeekJobsTaskUITests.xctest */;
			productType = "com.apple.product-type.bundle.ui-testing";
		};
/* End PBXNativeTarget section */

/* Begin PBXProject section */
		368ACEBD2B88571C003A8435 /* Project object */ = {
			isa = PBXProject;
			attributes = {
				BuildIndependentTargetsInParallel = 1;
				LastSwiftUpdateCheck = 1520;
				LastUpgradeCheck = 1520;
				TargetAttributes = {
					368ACEC42B88571C003A8435 = {
						CreatedOnToolsVersion = 15.2;
					};
					368ACEDA2B885720003A8435 = {
						CreatedOnToolsVersion = 15.2;
						TestTargetID = 368ACEC42B88571C003A8435;
					};
					368ACEE42B885720003A8435 = {
						CreatedOnToolsVersion = 15.2;
						TestTargetID = 368ACEC42B88571C003A8435;
					};
				};
			};
			buildConfigurationList = 368ACEC02B88571C003A8435 /* Build configuration list for PBXProject "SeekJobsTask" */;
			compatibilityVersion = "Xcode 14.0";
			developmentRegion = en;
			hasScannedForEncodings = 0;
			knownRegions = (
				en,
				Base,
			);
			mainGroup = 368ACEBC2B88571C003A8435;
			packageReferences = (
				368ACEF82B885786003A8435 /* XCRemoteSwiftPackageReference "apollo-ios" */,
				368ACEFD2B88611B003A8435 /* XCLocalSwiftPackageReference "JobsAPI" */,
			);
			productRefGroup = 368ACEC62B88571C003A8435 /* Products */;
			projectDirPath = "";
			projectRoot = "";
			targets = (
				368ACEC42B88571C003A8435 /* SeekJobsTask */,
				368ACEDA2B885720003A8435 /* SeekJobsTaskTests */,
				368ACEE42B885720003A8435 /* SeekJobsTaskUITests */,
			);
		};
/* End PBXProject section */

/* Begin PBXResourcesBuildPhase section */
		368ACEC32B88571C003A8435 /* Resources */ = {
			isa = PBXResourcesBuildPhase;
			buildActionMask = 2147483647;
			files = (
				368ACED52B88571F003A8435 /* LaunchScreen.storyboard in Resources */,
				368ACED22B88571F003A8435 /* Assets.xcassets in Resources */,
				368ACEFC2B885986003A8435 /* GraphQL in Resources */,
				368ACED02B88571C003A8435 /* Main.storyboard in Resources */,
			);
			runOnlyForDeploymentPostprocessing = 0;
		};
		368ACED92B885720003A8435 /* Resources */ = {
			isa = PBXResourcesBuildPhase;
			buildActionMask = 2147483647;
			files = (
			);
			runOnlyForDeploymentPostprocessing = 0;
		};
		368ACEE32B885720003A8435 /* Resources */ = {
			isa = PBXResourcesBuildPhase;
			buildActionMask = 2147483647;
			files = (
			);
			runOnlyForDeploymentPostprocessing = 0;
		};
/* End PBXResourcesBuildPhase section */

/* Begin PBXSourcesBuildPhase section */
		368ACEC12B88571C003A8435 /* Sources */ = {
			isa = PBXSourcesBuildPhase;
			buildActionMask = 2147483647;
			files = (
				368ACF182B887E29003A8435 /* JobsViewModel.swift in Sources */,
				36DD28B12B89F12000686F6E /* JobsConstants.swift in Sources */,
				368ACECD2B88571C003A8435 /* JobsViewController.swift in Sources */,
				368ACEC92B88571C003A8435 /* AppDelegate.swift in Sources */,
				368ACF022B8863E5003A8435 /* NetworkService.swift in Sources */,
				368ACF072B887108003A8435 /* LoginViewController.swift in Sources */,
				36CB18C22B8B792B00330CAF /* ProfileViewController.swift in Sources */,
				36DD28BE2B8A77A100686F6E /* JobsFactory.swift in Sources */,
				368ACF102B887BA7003A8435 /* AppCoordinator.swift in Sources */,
				36DD28B92B8A5A8500686F6E /* LoginRequest.swift in Sources */,
				36FF5D3F2B89204C005EEE0E /* UserDefaultsManager.swift in Sources */,
				368ACF0C2B8877A9003A8435 /* HexColors.swift in Sources */,
				368ACF122B887BEB003A8435 /* LoginCoordinator.swift in Sources */,
				36FF5D382B88ED5A005EEE0E /* LoginConstants.swift in Sources */,
				36CB18C42B8B7B7600330CAF /* ProfileViewModel.swift in Sources */,
				368ACECB2B88571C003A8435 /* SceneDelegate.swift in Sources */,
				36FF5D342B88B2A9005EEE0E /* LoginRepository.swift in Sources */,
				36DD28B72B89FA2300686F6E /* ActiveJobs.swift in Sources */,
				368ACF142B887C4E003A8435 /* LoginViewModel.swift in Sources */,
				368ACF0A2B8873ED003A8435 /* AppConstants.swift in Sources */,
				36DD28BB2B8A613800686F6E /* JobsRequest.swift in Sources */,
				368ACF162B887DC7003A8435 /* HomeCoordinator.swift in Sources */,
				36FF5D3D2B8912AF005EEE0E /* LoginFactory.swift in Sources */,
				36FF5D412B892800005EEE0E /* JobsTableViewCell.swift in Sources */,
				36DD28B42B89F9F300686F6E /* JobsRepository.swift in Sources */,
			);
			runOnlyForDeploymentPostprocessing = 0;
		};
		368ACED72B885720003A8435 /* Sources */ = {
			isa = PBXSourcesBuildPhase;
			buildActionMask = 2147483647;
			files = (
				36CB18B02B8B48A700330CAF /* JobsViewModelTest.swift in Sources */,
				36CB18A62B8B0DF000330CAF /* LoginViewModelTest.swift in Sources */,
				36CB18B92B8B657000330CAF /* HomeCoordinatorTests.swift in Sources */,
				36CB18A92B8B0F8D00330CAF /* MockLoginCoordinator.swift in Sources */,
				36CB18BD2B8B683600330CAF /* AppCoordinatorTests.swift in Sources */,
				36CB18C02B8B6D9F00330CAF /* JobsTableViewCellTests.swift in Sources */,
				36CB18B22B8B496100330CAF /* MockHomeCoordinator.swift in Sources */,
				36CB18B52B8B58A900330CAF /* LoginCoordinatorTest.swift in Sources */,
				368ACEE02B885720003A8435 /* SeekJobsTaskTests.swift in Sources */,
			);
			runOnlyForDeploymentPostprocessing = 0;
		};
		368ACEE12B885720003A8435 /* Sources */ = {
			isa = PBXSourcesBuildPhase;
			buildActionMask = 2147483647;
			files = (
				368ACEEA2B885720003A8435 /* SeekJobsTaskUITests.swift in Sources */,
				368ACEEC2B885720003A8435 /* SeekJobsTaskUITestsLaunchTests.swift in Sources */,
			);
			runOnlyForDeploymentPostprocessing = 0;
		};
/* End PBXSourcesBuildPhase section */

/* Begin PBXTargetDependency section */
		368ACEDD2B885720003A8435 /* PBXTargetDependency */ = {
			isa = PBXTargetDependency;
			target = 368ACEC42B88571C003A8435 /* SeekJobsTask */;
			targetProxy = 368ACEDC2B885720003A8435 /* PBXContainerItemProxy */;
		};
		368ACEE72B885720003A8435 /* PBXTargetDependency */ = {
			isa = PBXTargetDependency;
			target = 368ACEC42B88571C003A8435 /* SeekJobsTask */;
			targetProxy = 368ACEE62B885720003A8435 /* PBXContainerItemProxy */;
		};
/* End PBXTargetDependency section */

/* Begin PBXVariantGroup section */
		368ACECE2B88571C003A8435 /* Main.storyboard */ = {
			isa = PBXVariantGroup;
			children = (
				368ACECF2B88571C003A8435 /* Base */,
			);
			name = Main.storyboard;
			sourceTree = "<group>";
		};
		368ACED32B88571F003A8435 /* LaunchScreen.storyboard */ = {
			isa = PBXVariantGroup;
			children = (
				368ACED42B88571F003A8435 /* Base */,
			);
			name = LaunchScreen.storyboard;
			sourceTree = "<group>";
		};
/* End PBXVariantGroup section */

/* Begin XCBuildConfiguration section */
		368ACEED2B885720003A8435 /* Debug */ = {
			isa = XCBuildConfiguration;
			buildSettings = {
				ALWAYS_SEARCH_USER_PATHS = NO;
				ASSETCATALOG_COMPILER_GENERATE_SWIFT_ASSET_SYMBOL_EXTENSIONS = YES;
				CLANG_ANALYZER_NONNULL = YES;
				CLANG_ANALYZER_NUMBER_OBJECT_CONVERSION = YES_AGGRESSIVE;
				CLANG_CXX_LANGUAGE_STANDARD = "gnu++20";
				CLANG_ENABLE_MODULES = YES;
				CLANG_ENABLE_OBJC_ARC = YES;
				CLANG_ENABLE_OBJC_WEAK = YES;
				CLANG_WARN_BLOCK_CAPTURE_AUTORELEASING = YES;
				CLANG_WARN_BOOL_CONVERSION = YES;
				CLANG_WARN_COMMA = YES;
				CLANG_WARN_CONSTANT_CONVERSION = YES;
				CLANG_WARN_DEPRECATED_OBJC_IMPLEMENTATIONS = YES;
				CLANG_WARN_DIRECT_OBJC_ISA_USAGE = YES_ERROR;
				CLANG_WARN_DOCUMENTATION_COMMENTS = YES;
				CLANG_WARN_EMPTY_BODY = YES;
				CLANG_WARN_ENUM_CONVERSION = YES;
				CLANG_WARN_INFINITE_RECURSION = YES;
				CLANG_WARN_INT_CONVERSION = YES;
				CLANG_WARN_NON_LITERAL_NULL_CONVERSION = YES;
				CLANG_WARN_OBJC_IMPLICIT_RETAIN_SELF = YES;
				CLANG_WARN_OBJC_LITERAL_CONVERSION = YES;
				CLANG_WARN_OBJC_ROOT_CLASS = YES_ERROR;
				CLANG_WARN_QUOTED_INCLUDE_IN_FRAMEWORK_HEADER = YES;
				CLANG_WARN_RANGE_LOOP_ANALYSIS = YES;
				CLANG_WARN_STRICT_PROTOTYPES = YES;
				CLANG_WARN_SUSPICIOUS_MOVE = YES;
				CLANG_WARN_UNGUARDED_AVAILABILITY = YES_AGGRESSIVE;
				CLANG_WARN_UNREACHABLE_CODE = YES;
				CLANG_WARN__DUPLICATE_METHOD_MATCH = YES;
				COPY_PHASE_STRIP = NO;
				DEBUG_INFORMATION_FORMAT = dwarf;
				ENABLE_STRICT_OBJC_MSGSEND = YES;
				ENABLE_TESTABILITY = YES;
				ENABLE_USER_SCRIPT_SANDBOXING = YES;
				GCC_C_LANGUAGE_STANDARD = gnu17;
				GCC_DYNAMIC_NO_PIC = NO;
				GCC_NO_COMMON_BLOCKS = YES;
				GCC_OPTIMIZATION_LEVEL = 0;
				GCC_PREPROCESSOR_DEFINITIONS = (
					"DEBUG=1",
					"$(inherited)",
				);
				GCC_WARN_64_TO_32_BIT_CONVERSION = YES;
				GCC_WARN_ABOUT_RETURN_TYPE = YES_ERROR;
				GCC_WARN_UNDECLARED_SELECTOR = YES;
				GCC_WARN_UNINITIALIZED_AUTOS = YES_AGGRESSIVE;
				GCC_WARN_UNUSED_FUNCTION = YES;
				GCC_WARN_UNUSED_VARIABLE = YES;
				IPHONEOS_DEPLOYMENT_TARGET = 17.2;
				LOCALIZATION_PREFERS_STRING_CATALOGS = YES;
				MTL_ENABLE_DEBUG_INFO = INCLUDE_SOURCE;
				MTL_FAST_MATH = YES;
				ONLY_ACTIVE_ARCH = YES;
				SDKROOT = iphoneos;
				SWIFT_ACTIVE_COMPILATION_CONDITIONS = "DEBUG $(inherited)";
				SWIFT_OPTIMIZATION_LEVEL = "-Onone";
			};
			name = Debug;
		};
		368ACEEE2B885720003A8435 /* Release */ = {
			isa = XCBuildConfiguration;
			buildSettings = {
				ALWAYS_SEARCH_USER_PATHS = NO;
				ASSETCATALOG_COMPILER_GENERATE_SWIFT_ASSET_SYMBOL_EXTENSIONS = YES;
				CLANG_ANALYZER_NONNULL = YES;
				CLANG_ANALYZER_NUMBER_OBJECT_CONVERSION = YES_AGGRESSIVE;
				CLANG_CXX_LANGUAGE_STANDARD = "gnu++20";
				CLANG_ENABLE_MODULES = YES;
				CLANG_ENABLE_OBJC_ARC = YES;
				CLANG_ENABLE_OBJC_WEAK = YES;
				CLANG_WARN_BLOCK_CAPTURE_AUTORELEASING = YES;
				CLANG_WARN_BOOL_CONVERSION = YES;
				CLANG_WARN_COMMA = YES;
				CLANG_WARN_CONSTANT_CONVERSION = YES;
				CLANG_WARN_DEPRECATED_OBJC_IMPLEMENTATIONS = YES;
				CLANG_WARN_DIRECT_OBJC_ISA_USAGE = YES_ERROR;
				CLANG_WARN_DOCUMENTATION_COMMENTS = YES;
				CLANG_WARN_EMPTY_BODY = YES;
				CLANG_WARN_ENUM_CONVERSION = YES;
				CLANG_WARN_INFINITE_RECURSION = YES;
				CLANG_WARN_INT_CONVERSION = YES;
				CLANG_WARN_NON_LITERAL_NULL_CONVERSION = YES;
				CLANG_WARN_OBJC_IMPLICIT_RETAIN_SELF = YES;
				CLANG_WARN_OBJC_LITERAL_CONVERSION = YES;
				CLANG_WARN_OBJC_ROOT_CLASS = YES_ERROR;
				CLANG_WARN_QUOTED_INCLUDE_IN_FRAMEWORK_HEADER = YES;
				CLANG_WARN_RANGE_LOOP_ANALYSIS = YES;
				CLANG_WARN_STRICT_PROTOTYPES = YES;
				CLANG_WARN_SUSPICIOUS_MOVE = YES;
				CLANG_WARN_UNGUARDED_AVAILABILITY = YES_AGGRESSIVE;
				CLANG_WARN_UNREACHABLE_CODE = YES;
				CLANG_WARN__DUPLICATE_METHOD_MATCH = YES;
				COPY_PHASE_STRIP = NO;
				DEBUG_INFORMATION_FORMAT = "dwarf-with-dsym";
				ENABLE_NS_ASSERTIONS = NO;
				ENABLE_STRICT_OBJC_MSGSEND = YES;
				ENABLE_USER_SCRIPT_SANDBOXING = YES;
				GCC_C_LANGUAGE_STANDARD = gnu17;
				GCC_NO_COMMON_BLOCKS = YES;
				GCC_WARN_64_TO_32_BIT_CONVERSION = YES;
				GCC_WARN_ABOUT_RETURN_TYPE = YES_ERROR;
				GCC_WARN_UNDECLARED_SELECTOR = YES;
				GCC_WARN_UNINITIALIZED_AUTOS = YES_AGGRESSIVE;
				GCC_WARN_UNUSED_FUNCTION = YES;
				GCC_WARN_UNUSED_VARIABLE = YES;
				IPHONEOS_DEPLOYMENT_TARGET = 17.2;
				LOCALIZATION_PREFERS_STRING_CATALOGS = YES;
				MTL_ENABLE_DEBUG_INFO = NO;
				MTL_FAST_MATH = YES;
				SDKROOT = iphoneos;
				SWIFT_COMPILATION_MODE = wholemodule;
				VALIDATE_PRODUCT = YES;
			};
			name = Release;
		};
		368ACEF02B885720003A8435 /* Debug */ = {
			isa = XCBuildConfiguration;
			buildSettings = {
				ASSETCATALOG_COMPILER_APPICON_NAME = AppIcon;
				ASSETCATALOG_COMPILER_GLOBAL_ACCENT_COLOR_NAME = AccentColor;
				CODE_SIGN_STYLE = Automatic;
				CURRENT_PROJECT_VERSION = 1;
				DEVELOPMENT_TEAM = B9B6YWAF24;
				GENERATE_INFOPLIST_FILE = YES;
				INFOPLIST_FILE = SeekJobsTask/Info.plist;
				INFOPLIST_KEY_UIApplicationSupportsIndirectInputEvents = YES;
				INFOPLIST_KEY_UILaunchStoryboardName = LaunchScreen;
				INFOPLIST_KEY_UIMainStoryboardFile = Main;
				INFOPLIST_KEY_UISupportedInterfaceOrientations_iPad = "UIInterfaceOrientationPortrait UIInterfaceOrientationPortraitUpsideDown UIInterfaceOrientationLandscapeLeft UIInterfaceOrientationLandscapeRight";
				INFOPLIST_KEY_UISupportedInterfaceOrientations_iPhone = "UIInterfaceOrientationPortrait UIInterfaceOrientationLandscapeLeft UIInterfaceOrientationLandscapeRight";
				LD_RUNPATH_SEARCH_PATHS = (
					"$(inherited)",
					"@executable_path/Frameworks",
				);
				MARKETING_VERSION = 1.0;
				PRODUCT_BUNDLE_IDENTIFIER = Throughtworks.SeekJobsTask;
				PRODUCT_NAME = "$(TARGET_NAME)";
				SWIFT_EMIT_LOC_STRINGS = YES;
				SWIFT_VERSION = 5.0;
				TARGETED_DEVICE_FAMILY = "1,2";
			};
			name = Debug;
		};
		368ACEF12B885720003A8435 /* Release */ = {
			isa = XCBuildConfiguration;
			buildSettings = {
				ASSETCATALOG_COMPILER_APPICON_NAME = AppIcon;
				ASSETCATALOG_COMPILER_GLOBAL_ACCENT_COLOR_NAME = AccentColor;
				CODE_SIGN_STYLE = Automatic;
				CURRENT_PROJECT_VERSION = 1;
				DEVELOPMENT_TEAM = B9B6YWAF24;
				GENERATE_INFOPLIST_FILE = YES;
				INFOPLIST_FILE = SeekJobsTask/Info.plist;
				INFOPLIST_KEY_UIApplicationSupportsIndirectInputEvents = YES;
				INFOPLIST_KEY_UILaunchStoryboardName = LaunchScreen;
				INFOPLIST_KEY_UIMainStoryboardFile = Main;
				INFOPLIST_KEY_UISupportedInterfaceOrientations_iPad = "UIInterfaceOrientationPortrait UIInterfaceOrientationPortraitUpsideDown UIInterfaceOrientationLandscapeLeft UIInterfaceOrientationLandscapeRight";
				INFOPLIST_KEY_UISupportedInterfaceOrientations_iPhone = "UIInterfaceOrientationPortrait UIInterfaceOrientationLandscapeLeft UIInterfaceOrientationLandscapeRight";
				LD_RUNPATH_SEARCH_PATHS = (
					"$(inherited)",
					"@executable_path/Frameworks",
				);
				MARKETING_VERSION = 1.0;
				PRODUCT_BUNDLE_IDENTIFIER = Throughtworks.SeekJobsTask;
				PRODUCT_NAME = "$(TARGET_NAME)";
				SWIFT_EMIT_LOC_STRINGS = YES;
				SWIFT_VERSION = 5.0;
				TARGETED_DEVICE_FAMILY = "1,2";
			};
			name = Release;
		};
		368ACEF32B885720003A8435 /* Debug */ = {
			isa = XCBuildConfiguration;
			buildSettings = {
				ALWAYS_EMBED_SWIFT_STANDARD_LIBRARIES = YES;
				BUNDLE_LOADER = "$(TEST_HOST)";
				CODE_SIGN_STYLE = Automatic;
				CURRENT_PROJECT_VERSION = 1;
				DEVELOPMENT_TEAM = B9B6YWAF24;
				GENERATE_INFOPLIST_FILE = YES;
				IPHONEOS_DEPLOYMENT_TARGET = 17.2;
				MARKETING_VERSION = 1.0;
				PRODUCT_BUNDLE_IDENTIFIER = Throughtworks.SeekJobsTaskTests;
				PRODUCT_NAME = "$(TARGET_NAME)";
				SWIFT_EMIT_LOC_STRINGS = NO;
				SWIFT_VERSION = 5.0;
				TARGETED_DEVICE_FAMILY = "1,2";
				TEST_HOST = "$(BUILT_PRODUCTS_DIR)/SeekJobsTask.app/$(BUNDLE_EXECUTABLE_FOLDER_PATH)/SeekJobsTask";
			};
			name = Debug;
		};
		368ACEF42B885720003A8435 /* Release */ = {
			isa = XCBuildConfiguration;
			buildSettings = {
				ALWAYS_EMBED_SWIFT_STANDARD_LIBRARIES = YES;
				BUNDLE_LOADER = "$(TEST_HOST)";
				CODE_SIGN_STYLE = Automatic;
				CURRENT_PROJECT_VERSION = 1;
				DEVELOPMENT_TEAM = B9B6YWAF24;
				GENERATE_INFOPLIST_FILE = YES;
				IPHONEOS_DEPLOYMENT_TARGET = 17.2;
				MARKETING_VERSION = 1.0;
				PRODUCT_BUNDLE_IDENTIFIER = Throughtworks.SeekJobsTaskTests;
				PRODUCT_NAME = "$(TARGET_NAME)";
				SWIFT_EMIT_LOC_STRINGS = NO;
				SWIFT_VERSION = 5.0;
				TARGETED_DEVICE_FAMILY = "1,2";
				TEST_HOST = "$(BUILT_PRODUCTS_DIR)/SeekJobsTask.app/$(BUNDLE_EXECUTABLE_FOLDER_PATH)/SeekJobsTask";
			};
			name = Release;
		};
		368ACEF62B885720003A8435 /* Debug */ = {
			isa = XCBuildConfiguration;
			buildSettings = {
				ALWAYS_EMBED_SWIFT_STANDARD_LIBRARIES = YES;
				CODE_SIGN_STYLE = Automatic;
				CURRENT_PROJECT_VERSION = 1;
				DEVELOPMENT_TEAM = B9B6YWAF24;
				GENERATE_INFOPLIST_FILE = YES;
				MARKETING_VERSION = 1.0;
				PRODUCT_BUNDLE_IDENTIFIER = Throughtworks.SeekJobsTaskUITests;
				PRODUCT_NAME = "$(TARGET_NAME)";
				SWIFT_EMIT_LOC_STRINGS = NO;
				SWIFT_VERSION = 5.0;
				TARGETED_DEVICE_FAMILY = "1,2";
				TEST_TARGET_NAME = SeekJobsTask;
			};
			name = Debug;
		};
		368ACEF72B885720003A8435 /* Release */ = {
			isa = XCBuildConfiguration;
			buildSettings = {
				ALWAYS_EMBED_SWIFT_STANDARD_LIBRARIES = YES;
				CODE_SIGN_STYLE = Automatic;
				CURRENT_PROJECT_VERSION = 1;
				DEVELOPMENT_TEAM = B9B6YWAF24;
				GENERATE_INFOPLIST_FILE = YES;
				MARKETING_VERSION = 1.0;
				PRODUCT_BUNDLE_IDENTIFIER = Throughtworks.SeekJobsTaskUITests;
				PRODUCT_NAME = "$(TARGET_NAME)";
				SWIFT_EMIT_LOC_STRINGS = NO;
				SWIFT_VERSION = 5.0;
				TARGETED_DEVICE_FAMILY = "1,2";
				TEST_TARGET_NAME = SeekJobsTask;
			};
			name = Release;
		};
/* End XCBuildConfiguration section */

/* Begin XCConfigurationList section */
		368ACEC02B88571C003A8435 /* Build configuration list for PBXProject "SeekJobsTask" */ = {
			isa = XCConfigurationList;
			buildConfigurations = (
				368ACEED2B885720003A8435 /* Debug */,
				368ACEEE2B885720003A8435 /* Release */,
			);
			defaultConfigurationIsVisible = 0;
			defaultConfigurationName = Release;
		};
		368ACEEF2B885720003A8435 /* Build configuration list for PBXNativeTarget "SeekJobsTask" */ = {
			isa = XCConfigurationList;
			buildConfigurations = (
				368ACEF02B885720003A8435 /* Debug */,
				368ACEF12B885720003A8435 /* Release */,
			);
			defaultConfigurationIsVisible = 0;
			defaultConfigurationName = Release;
		};
		368ACEF22B885720003A8435 /* Build configuration list for PBXNativeTarget "SeekJobsTaskTests" */ = {
			isa = XCConfigurationList;
			buildConfigurations = (
				368ACEF32B885720003A8435 /* Debug */,
				368ACEF42B885720003A8435 /* Release */,
			);
			defaultConfigurationIsVisible = 0;
			defaultConfigurationName = Release;
		};
		368ACEF52B885720003A8435 /* Build configuration list for PBXNativeTarget "SeekJobsTaskUITests" */ = {
			isa = XCConfigurationList;
			buildConfigurations = (
				368ACEF62B885720003A8435 /* Debug */,
				368ACEF72B885720003A8435 /* Release */,
			);
			defaultConfigurationIsVisible = 0;
			defaultConfigurationName = Release;
		};
/* End XCConfigurationList section */

/* Begin XCLocalSwiftPackageReference section */
		368ACEFD2B88611B003A8435 /* XCLocalSwiftPackageReference "JobsAPI" */ = {
			isa = XCLocalSwiftPackageReference;
			relativePath = JobsAPI;
		};
/* End XCLocalSwiftPackageReference section */

/* Begin XCRemoteSwiftPackageReference section */
		368ACEF82B885786003A8435 /* XCRemoteSwiftPackageReference "apollo-ios" */ = {
			isa = XCRemoteSwiftPackageReference;
			repositoryURL = "https://github.com/apollographql/apollo-ios.git";
			requirement = {
				kind = upToNextMajorVersion;
				minimumVersion = 1.9.0;
			};
		};
/* End XCRemoteSwiftPackageReference section */

/* Begin XCSwiftPackageProductDependency section */
		368ACEF92B885786003A8435 /* Apollo */ = {
			isa = XCSwiftPackageProductDependency;
			package = 368ACEF82B885786003A8435 /* XCRemoteSwiftPackageReference "apollo-ios" */;
			productName = Apollo;
		};
		368ACEFE2B88611B003A8435 /* JobsAPI */ = {
			isa = XCSwiftPackageProductDependency;
			productName = JobsAPI;
		};
/* End XCSwiftPackageProductDependency section */
	};
	rootObject = 368ACEBD2B88571C003A8435 /* Project object */;
}
